// !$*UTF8*$!
{
	archiveVersion = 1;
	classes = {
	};
	objectVersion = 56;
	objects = {

/* Begin PBXBuildFile section */
		3A7CDBC6292FB5E100E6A048 /* AppDelegate.swift in Sources */ = {isa = PBXBuildFile; fileRef = 3A7CDBC5292FB5E100E6A048 /* AppDelegate.swift */; };
		3A7CDBC8292FB5E100E6A048 /* SceneDelegate.swift in Sources */ = {isa = PBXBuildFile; fileRef = 3A7CDBC7292FB5E100E6A048 /* SceneDelegate.swift */; };
		3A7CDBCA292FB5E100E6A048 /* MainTabBarViewController.swift in Sources */ = {isa = PBXBuildFile; fileRef = 3A7CDBC9292FB5E100E6A048 /* MainTabBarViewController.swift */; };
		3A7CDBCF292FB5E200E6A048 /* Assets.xcassets in Resources */ = {isa = PBXBuildFile; fileRef = 3A7CDBCE292FB5E200E6A048 /* Assets.xcassets */; };
		3A7CDBD2292FB5E200E6A048 /* LaunchScreen.storyboard in Resources */ = {isa = PBXBuildFile; fileRef = 3A7CDBD0292FB5E200E6A048 /* LaunchScreen.storyboard */; };
		3A7CDBDB292FB72700E6A048 /* HomeViewController.swift in Sources */ = {isa = PBXBuildFile; fileRef = 3A7CDBDA292FB72700E6A048 /* HomeViewController.swift */; };
		3A7CDBDD292FB74400E6A048 /* UpcomingViewController.swift in Sources */ = {isa = PBXBuildFile; fileRef = 3A7CDBDC292FB74400E6A048 /* UpcomingViewController.swift */; };
		3A7CDBDF292FB79800E6A048 /* SearchViewController.swift in Sources */ = {isa = PBXBuildFile; fileRef = 3A7CDBDE292FB79800E6A048 /* SearchViewController.swift */; };
		3A7CDBE1292FB7B600E6A048 /* DownloadsViewController.swift in Sources */ = {isa = PBXBuildFile; fileRef = 3A7CDBE0292FB7B600E6A048 /* DownloadsViewController.swift */; };
		3A7CDBE8292FBC0000E6A048 /* CollectionViewTableViewCell.swift in Sources */ = {isa = PBXBuildFile; fileRef = 3A7CDBE7292FBC0000E6A048 /* CollectionViewTableViewCell.swift */; };
		3A7CDBEA292FC26B00E6A048 /* HeroHeaderView.swift in Sources */ = {isa = PBXBuildFile; fileRef = 3A7CDBE9292FC26B00E6A048 /* HeroHeaderView.swift */; };
		3AB3AABD29310AAA0004C554 /* APICaller.swift in Sources */ = {isa = PBXBuildFile; fileRef = 3AB3AABC29310AAA0004C554 /* APICaller.swift */; };
		3AB3AABF293110960004C554 /* TitlesResponse.swift in Sources */ = {isa = PBXBuildFile; fileRef = 3AB3AABE293110960004C554 /* TitlesResponse.swift */; };
		3AB3AAC129311E7C0004C554 /* Extensions.swift in Sources */ = {isa = PBXBuildFile; fileRef = 3AB3AAC029311E7C0004C554 /* Extensions.swift */; };
		3AB3AAC5293123FF0004C554 /* TitleCollectionViewCell.swift in Sources */ = {isa = PBXBuildFile; fileRef = 3AB3AAC4293123FF0004C554 /* TitleCollectionViewCell.swift */; };
		3AB3AAC8293124F00004C554 /* SDWebImage in Frameworks */ = {isa = PBXBuildFile; productRef = 3AB3AAC7293124F00004C554 /* SDWebImage */; };
		3AB3AACA293124F00004C554 /* SDWebImageMapKit in Frameworks */ = {isa = PBXBuildFile; productRef = 3AB3AAC9293124F00004C554 /* SDWebImageMapKit */; };
		3AB3AACC29312BD40004C554 /* TitleTableViewCell.swift in Sources */ = {isa = PBXBuildFile; fileRef = 3AB3AACB29312BD40004C554 /* TitleTableViewCell.swift */; };
		3AB3AACE29312D4F0004C554 /* TitleViewModel.swift in Sources */ = {isa = PBXBuildFile; fileRef = 3AB3AACD29312D4F0004C554 /* TitleViewModel.swift */; };
		3AB3AAD0293136550004C554 /* SearchResultsViewController.swift in Sources */ = {isa = PBXBuildFile; fileRef = 3AB3AACF293136550004C554 /* SearchResultsViewController.swift */; };
		3AB3AAD4293146230004C554 /* YoutubeSearchResponse.swift in Sources */ = {isa = PBXBuildFile; fileRef = 3AB3AAD3293146230004C554 /* YoutubeSearchResponse.swift */; };
		3AB3AAD6293148E10004C554 /* TitlePreviewViewController.swift in Sources */ = {isa = PBXBuildFile; fileRef = 3AB3AAD5293148E10004C554 /* TitlePreviewViewController.swift */; };
		3AB3AAD829314AC40004C554 /* TitlePreviewViewModel.swift in Sources */ = {isa = PBXBuildFile; fileRef = 3AB3AAD729314AC40004C554 /* TitlePreviewViewModel.swift */; };
		3AB3AAFE29315D810004C554 /* NetflixCloneModel.xcdatamodeld in Sources */ = {isa = PBXBuildFile; fileRef = 3AB3AAFC29315D810004C554 /* NetflixCloneModel.xcdatamodeld */; };
		3AB3AB0029315F850004C554 /* DataPersistenceManager.swift in Sources */ = {isa = PBXBuildFile; fileRef = 3AB3AAFF29315F850004C554 /* DataPersistenceManager.swift */; };
/* End PBXBuildFile section */

/* Begin PBXFileReference section */
		3A7CDBC2292FB5E100E6A048 /* NetflixClone.app */ = {isa = PBXFileReference; explicitFileType = wrapper.application; includeInIndex = 0; path = NetflixClone.app; sourceTree = BUILT_PRODUCTS_DIR; };
		3A7CDBC5292FB5E100E6A048 /* AppDelegate.swift */ = {isa = PBXFileReference; lastKnownFileType = sourcecode.swift; path = AppDelegate.swift; sourceTree = "<group>"; };
		3A7CDBC7292FB5E100E6A048 /* SceneDelegate.swift */ = {isa = PBXFileReference; lastKnownFileType = sourcecode.swift; path = SceneDelegate.swift; sourceTree = "<group>"; };
		3A7CDBC9292FB5E100E6A048 /* MainTabBarViewController.swift */ = {isa = PBXFileReference; lastKnownFileType = sourcecode.swift; path = MainTabBarViewController.swift; sourceTree = "<group>"; };
		3A7CDBCE292FB5E200E6A048 /* Assets.xcassets */ = {isa = PBXFileReference; lastKnownFileType = folder.assetcatalog; path = Assets.xcassets; sourceTree = "<group>"; };
		3A7CDBD1292FB5E200E6A048 /* Base */ = {isa = PBXFileReference; lastKnownFileType = file.storyboard; name = Base; path = Base.lproj/LaunchScreen.storyboard; sourceTree = "<group>"; };
		3A7CDBD3292FB5E200E6A048 /* Info.plist */ = {isa = PBXFileReference; lastKnownFileType = text.plist.xml; path = Info.plist; sourceTree = "<group>"; };
		3A7CDBDA292FB72700E6A048 /* HomeViewController.swift */ = {isa = PBXFileReference; lastKnownFileType = sourcecode.swift; path = HomeViewController.swift; sourceTree = "<group>"; };
		3A7CDBDC292FB74400E6A048 /* UpcomingViewController.swift */ = {isa = PBXFileReference; lastKnownFileType = sourcecode.swift; path = UpcomingViewController.swift; sourceTree = "<group>"; };
		3A7CDBDE292FB79800E6A048 /* SearchViewController.swift */ = {isa = PBXFileReference; lastKnownFileType = sourcecode.swift; path = SearchViewController.swift; sourceTree = "<group>"; };
		3A7CDBE0292FB7B600E6A048 /* DownloadsViewController.swift */ = {isa = PBXFileReference; lastKnownFileType = sourcecode.swift; path = DownloadsViewController.swift; sourceTree = "<group>"; };
		3A7CDBE7292FBC0000E6A048 /* CollectionViewTableViewCell.swift */ = {isa = PBXFileReference; lastKnownFileType = sourcecode.swift; path = CollectionViewTableViewCell.swift; sourceTree = "<group>"; };
		3A7CDBE9292FC26B00E6A048 /* HeroHeaderView.swift */ = {isa = PBXFileReference; lastKnownFileType = sourcecode.swift; path = HeroHeaderView.swift; sourceTree = "<group>"; };
		3AB3AABC29310AAA0004C554 /* APICaller.swift */ = {isa = PBXFileReference; lastKnownFileType = sourcecode.swift; path = APICaller.swift; sourceTree = "<group>"; };
		3AB3AABE293110960004C554 /* TitlesResponse.swift */ = {isa = PBXFileReference; lastKnownFileType = sourcecode.swift; path = TitlesResponse.swift; sourceTree = "<group>"; };
		3AB3AAC029311E7C0004C554 /* Extensions.swift */ = {isa = PBXFileReference; lastKnownFileType = sourcecode.swift; path = Extensions.swift; sourceTree = "<group>"; };
		3AB3AAC4293123FF0004C554 /* TitleCollectionViewCell.swift */ = {isa = PBXFileReference; lastKnownFileType = sourcecode.swift; path = TitleCollectionViewCell.swift; sourceTree = "<group>"; };
		3AB3AACB29312BD40004C554 /* TitleTableViewCell.swift */ = {isa = PBXFileReference; lastKnownFileType = sourcecode.swift; path = TitleTableViewCell.swift; sourceTree = "<group>"; };
		3AB3AACD29312D4F0004C554 /* TitleViewModel.swift */ = {isa = PBXFileReference; lastKnownFileType = sourcecode.swift; path = TitleViewModel.swift; sourceTree = "<group>"; };
		3AB3AACF293136550004C554 /* SearchResultsViewController.swift */ = {isa = PBXFileReference; lastKnownFileType = sourcecode.swift; path = SearchResultsViewController.swift; sourceTree = "<group>"; };
		3AB3AAD3293146230004C554 /* YoutubeSearchResponse.swift */ = {isa = PBXFileReference; lastKnownFileType = sourcecode.swift; path = YoutubeSearchResponse.swift; sourceTree = "<group>"; };
		3AB3AAD5293148E10004C554 /* TitlePreviewViewController.swift */ = {isa = PBXFileReference; lastKnownFileType = sourcecode.swift; path = TitlePreviewViewController.swift; sourceTree = "<group>"; };
		3AB3AAD729314AC40004C554 /* TitlePreviewViewModel.swift */ = {isa = PBXFileReference; lastKnownFileType = sourcecode.swift; path = TitlePreviewViewModel.swift; sourceTree = "<group>"; };
		3AB3AAFD29315D810004C554 /* NetflixCloneModel.xcdatamodel */ = {isa = PBXFileReference; lastKnownFileType = wrapper.xcdatamodel; path = NetflixCloneModel.xcdatamodel; sourceTree = "<group>"; };
		3AB3AAFF29315F850004C554 /* DataPersistenceManager.swift */ = {isa = PBXFileReference; lastKnownFileType = sourcecode.swift; path = DataPersistenceManager.swift; sourceTree = "<group>"; };
/* End PBXFileReference section */

/* Begin PBXFrameworksBuildPhase section */
		3A7CDBBF292FB5E100E6A048 /* Frameworks */ = {
			isa = PBXFrameworksBuildPhase;
			buildActionMask = 2147483647;
			files = (
				3AB3AACA293124F00004C554 /* SDWebImageMapKit in Frameworks */,
				3AB3AAC8293124F00004C554 /* SDWebImage in Frameworks */,
			);
			runOnlyForDeploymentPostprocessing = 0;
		};
/* End PBXFrameworksBuildPhase section */

/* Begin PBXGroup section */
		3A7CDBB9292FB5E100E6A048 = {
			isa = PBXGroup;
			children = (
				3A7CDBC4292FB5E100E6A048 /* NetflixClone */,
				3A7CDBC3292FB5E100E6A048 /* Products */,
			);
			sourceTree = "<group>";
		};
		3A7CDBC3292FB5E100E6A048 /* Products */ = {
			isa = PBXGroup;
			children = (
				3A7CDBC2292FB5E100E6A048 /* NetflixClone.app */,
			);
			name = Products;
			sourceTree = "<group>";
		};
		3A7CDBC4292FB5E100E6A048 /* NetflixClone */ = {
			isa = PBXGroup;
			children = (
				3A7CDBE6292FBBCD00E6A048 /* Managers */,
				3A7CDBE5292FBBC600E6A048 /* Resources */,
				3A7CDBE4292FBBAD00E6A048 /* Models */,
				3A7CDBE3292FBBA300E6A048 /* ViewModels */,
				3A7CDBE2292FBB9C00E6A048 /* Views */,
				3A7CDBD9292FB70F00E6A048 /* Controllers */,
				3A7CDBC5292FB5E100E6A048 /* AppDelegate.swift */,
				3A7CDBC7292FB5E100E6A048 /* SceneDelegate.swift */,
				3A7CDBCE292FB5E200E6A048 /* Assets.xcassets */,
				3A7CDBD0292FB5E200E6A048 /* LaunchScreen.storyboard */,
				3A7CDBD3292FB5E200E6A048 /* Info.plist */,
				3AB3AAFC29315D810004C554 /* NetflixCloneModel.xcdatamodeld */,
			);
			path = NetflixClone;
			sourceTree = "<group>";
		};
		3A7CDBD9292FB70F00E6A048 /* Controllers */ = {
			isa = PBXGroup;
			children = (
				3AB3AAD1293136690004C554 /* Core */,
				3AB3AAD2293136720004C554 /* General */,
			);
			path = Controllers;
			sourceTree = "<group>";
		};
		3A7CDBE2292FBB9C00E6A048 /* Views */ = {
			isa = PBXGroup;
			children = (
				3A7CDBE7292FBC0000E6A048 /* CollectionViewTableViewCell.swift */,
				3A7CDBE9292FC26B00E6A048 /* HeroHeaderView.swift */,
				3AB3AAC4293123FF0004C554 /* TitleCollectionViewCell.swift */,
				3AB3AACB29312BD40004C554 /* TitleTableViewCell.swift */,
			);
			path = Views;
			sourceTree = "<group>";
		};
		3A7CDBE3292FBBA300E6A048 /* ViewModels */ = {
			isa = PBXGroup;
			children = (
				3AB3AACD29312D4F0004C554 /* TitleViewModel.swift */,
				3AB3AAD729314AC40004C554 /* TitlePreviewViewModel.swift */,
			);
			path = ViewModels;
			sourceTree = "<group>";
		};
		3A7CDBE4292FBBAD00E6A048 /* Models */ = {
			isa = PBXGroup;
			children = (
				3AB3AABE293110960004C554 /* TitlesResponse.swift */,
				3AB3AAD3293146230004C554 /* YoutubeSearchResponse.swift */,
			);
			path = Models;
			sourceTree = "<group>";
		};
		3A7CDBE5292FBBC600E6A048 /* Resources */ = {
			isa = PBXGroup;
			children = (
				3AB3AAC029311E7C0004C554 /* Extensions.swift */,
			);
			path = Resources;
			sourceTree = "<group>";
		};
		3A7CDBE6292FBBCD00E6A048 /* Managers */ = {
			isa = PBXGroup;
			children = (
				3AB3AABC29310AAA0004C554 /* APICaller.swift */,
				3AB3AAFF29315F850004C554 /* DataPersistenceManager.swift */,
			);
			path = Managers;
			sourceTree = "<group>";
		};
		3AB3AAD1293136690004C554 /* Core */ = {
			isa = PBXGroup;
			children = (
				3A7CDBC9292FB5E100E6A048 /* MainTabBarViewController.swift */,
				3A7CDBDA292FB72700E6A048 /* HomeViewController.swift */,
				3A7CDBDC292FB74400E6A048 /* UpcomingViewController.swift */,
				3A7CDBDE292FB79800E6A048 /* SearchViewController.swift */,
				3A7CDBE0292FB7B600E6A048 /* DownloadsViewController.swift */,
			);
			path = Core;
			sourceTree = "<group>";
		};
		3AB3AAD2293136720004C554 /* General */ = {
			isa = PBXGroup;
			children = (
				3AB3AACF293136550004C554 /* SearchResultsViewController.swift */,
				3AB3AAD5293148E10004C554 /* TitlePreviewViewController.swift */,
			);
			path = General;
			sourceTree = "<group>";
		};
/* End PBXGroup section */

/* Begin PBXNativeTarget section */
		3A7CDBC1292FB5E100E6A048 /* NetflixClone */ = {
			isa = PBXNativeTarget;
			buildConfigurationList = 3A7CDBD6292FB5E200E6A048 /* Build configuration list for PBXNativeTarget "NetflixClone" */;
			buildPhases = (
				3A7CDBBE292FB5E100E6A048 /* Sources */,
				3A7CDBBF292FB5E100E6A048 /* Frameworks */,
				3A7CDBC0292FB5E100E6A048 /* Resources */,
			);
			buildRules = (
			);
			dependencies = (
			);
			name = NetflixClone;
			packageProductDependencies = (
				3AB3AAC7293124F00004C554 /* SDWebImage */,
				3AB3AAC9293124F00004C554 /* SDWebImageMapKit */,
			);
			productName = NetflixClone;
			productReference = 3A7CDBC2292FB5E100E6A048 /* NetflixClone.app */;
			productType = "com.apple.product-type.application";
		};
/* End PBXNativeTarget section */

/* Begin PBXProject section */
		3A7CDBBA292FB5E100E6A048 /* Project object */ = {
			isa = PBXProject;
			attributes = {
				BuildIndependentTargetsInParallel = 1;
				LastSwiftUpdateCheck = 1410;
				LastUpgradeCheck = 1410;
				TargetAttributes = {
					3A7CDBC1292FB5E100E6A048 = {
						CreatedOnToolsVersion = 14.1;
					};
				};
			};
			buildConfigurationList = 3A7CDBBD292FB5E100E6A048 /* Build configuration list for PBXProject "NetflixClone" */;
			compatibilityVersion = "Xcode 14.0";
			developmentRegion = en;
			hasScannedForEncodings = 0;
			knownRegions = (
				en,
				Base,
			);
			mainGroup = 3A7CDBB9292FB5E100E6A048;
			packageReferences = (
				3AB3AAC6293124F00004C554 /* XCRemoteSwiftPackageReference "SDWebImage" */,
			);
			productRefGroup = 3A7CDBC3292FB5E100E6A048 /* Products */;
			projectDirPath = "";
			projectRoot = "";
			targets = (
				3A7CDBC1292FB5E100E6A048 /* NetflixClone */,
			);
		};
/* End PBXProject section */

/* Begin PBXResourcesBuildPhase section */
		3A7CDBC0292FB5E100E6A048 /* Resources */ = {
			isa = PBXResourcesBuildPhase;
			buildActionMask = 2147483647;
			files = (
				3A7CDBD2292FB5E200E6A048 /* LaunchScreen.storyboard in Resources */,
				3A7CDBCF292FB5E200E6A048 /* Assets.xcassets in Resources */,
			);
			runOnlyForDeploymentPostprocessing = 0;
		};
/* End PBXResourcesBuildPhase section */

/* Begin PBXSourcesBuildPhase section */
		3A7CDBBE292FB5E100E6A048 /* Sources */ = {
			isa = PBXSourcesBuildPhase;
			buildActionMask = 2147483647;
			files = (
				3AB3AACC29312BD40004C554 /* TitleTableViewCell.swift in Sources */,
				3A7CDBDF292FB79800E6A048 /* SearchViewController.swift in Sources */,
				3AB3AAC5293123FF0004C554 /* TitleCollectionViewCell.swift in Sources */,
				3AB3AB0029315F850004C554 /* DataPersistenceManager.swift in Sources */,
				3A7CDBCA292FB5E100E6A048 /* MainTabBarViewController.swift in Sources */,
				3A7CDBE8292FBC0000E6A048 /* CollectionViewTableViewCell.swift in Sources */,
				3AB3AABD29310AAA0004C554 /* APICaller.swift in Sources */,
				3AB3AAFE29315D810004C554 /* NetflixCloneModel.xcdatamodeld in Sources */,
				3A7CDBE1292FB7B600E6A048 /* DownloadsViewController.swift in Sources */,
				3A7CDBEA292FC26B00E6A048 /* HeroHeaderView.swift in Sources */,
				3A7CDBC6292FB5E100E6A048 /* AppDelegate.swift in Sources */,
				3AB3AAD0293136550004C554 /* SearchResultsViewController.swift in Sources */,
				3AB3AAC129311E7C0004C554 /* Extensions.swift in Sources */,
				3AB3AAD4293146230004C554 /* YoutubeSearchResponse.swift in Sources */,
				3A7CDBC8292FB5E100E6A048 /* SceneDelegate.swift in Sources */,
				3AB3AAD829314AC40004C554 /* TitlePreviewViewModel.swift in Sources */,
				3A7CDBDD292FB74400E6A048 /* UpcomingViewController.swift in Sources */,
				3AB3AAD6293148E10004C554 /* TitlePreviewViewController.swift in Sources */,
				3AB3AABF293110960004C554 /* TitlesResponse.swift in Sources */,
				3A7CDBDB292FB72700E6A048 /* HomeViewController.swift in Sources */,
				3AB3AACE29312D4F0004C554 /* TitleViewModel.swift in Sources */,
			);
			runOnlyForDeploymentPostprocessing = 0;
		};
/* End PBXSourcesBuildPhase section */

/* Begin PBXVariantGroup section */
		3A7CDBD0292FB5E200E6A048 /* LaunchScreen.storyboard */ = {
			isa = PBXVariantGroup;
			children = (
				3A7CDBD1292FB5E200E6A048 /* Base */,
			);
			name = LaunchScreen.storyboard;
			sourceTree = "<group>";
		};
/* End PBXVariantGroup section */

/* Begin XCBuildConfiguration section */
		3A7CDBD4292FB5E200E6A048 /* Debug */ = {
			isa = XCBuildConfiguration;
			buildSettings = {
				ALWAYS_SEARCH_USER_PATHS = NO;
				CLANG_ANALYZER_NONNULL = YES;
				CLANG_ANALYZER_NUMBER_OBJECT_CONVERSION = YES_AGGRESSIVE;
				CLANG_CXX_LANGUAGE_STANDARD = "gnu++20";
				CLANG_ENABLE_MODULES = YES;
				CLANG_ENABLE_OBJC_ARC = YES;
				CLANG_ENABLE_OBJC_WEAK = YES;
				CLANG_WARN_BLOCK_CAPTURE_AUTORELEASING = YES;
				CLANG_WARN_BOOL_CONVERSION = YES;
				CLANG_WARN_COMMA = YES;
				CLANG_WARN_CONSTANT_CONVERSION = YES;
				CLANG_WARN_DEPRECATED_OBJC_IMPLEMENTATIONS = YES;
				CLANG_WARN_DIRECT_OBJC_ISA_USAGE = YES_ERROR;
				CLANG_WARN_DOCUMENTATION_COMMENTS = YES;
				CLANG_WARN_EMPTY_BODY = YES;
				CLANG_WARN_ENUM_CONVERSION = YES;
				CLANG_WARN_INFINITE_RECURSION = YES;
				CLANG_WARN_INT_CONVERSION = YES;
				CLANG_WARN_NON_LITERAL_NULL_CONVERSION = YES;
				CLANG_WARN_OBJC_IMPLICIT_RETAIN_SELF = YES;
				CLANG_WARN_OBJC_LITERAL_CONVERSION = YES;
				CLANG_WARN_OBJC_ROOT_CLASS = YES_ERROR;
				CLANG_WARN_QUOTED_INCLUDE_IN_FRAMEWORK_HEADER = YES;
				CLANG_WARN_RANGE_LOOP_ANALYSIS = YES;
				CLANG_WARN_STRICT_PROTOTYPES = YES;
				CLANG_WARN_SUSPICIOUS_MOVE = YES;
				CLANG_WARN_UNGUARDED_AVAILABILITY = YES_AGGRESSIVE;
				CLANG_WARN_UNREACHABLE_CODE = YES;
				CLANG_WARN__DUPLICATE_METHOD_MATCH = YES;
				COPY_PHASE_STRIP = NO;
				DEBUG_INFORMATION_FORMAT = dwarf;
				ENABLE_STRICT_OBJC_MSGSEND = YES;
				ENABLE_TESTABILITY = YES;
				GCC_C_LANGUAGE_STANDARD = gnu11;
				GCC_DYNAMIC_NO_PIC = NO;
				GCC_NO_COMMON_BLOCKS = YES;
				GCC_OPTIMIZATION_LEVEL = 0;
				GCC_PREPROCESSOR_DEFINITIONS = (
					"DEBUG=1",
					"$(inherited)",
				);
				GCC_WARN_64_TO_32_BIT_CONVERSION = YES;
				GCC_WARN_ABOUT_RETURN_TYPE = YES_ERROR;
				GCC_WARN_UNDECLARED_SELECTOR = YES;
				GCC_WARN_UNINITIALIZED_AUTOS = YES_AGGRESSIVE;
				GCC_WARN_UNUSED_FUNCTION = YES;
				GCC_WARN_UNUSED_VARIABLE = YES;
				IPHONEOS_DEPLOYMENT_TARGET = 16.1;
				MTL_ENABLE_DEBUG_INFO = INCLUDE_SOURCE;
				MTL_FAST_MATH = YES;
				ONLY_ACTIVE_ARCH = YES;
				SDKROOT = iphoneos;
				SWIFT_ACTIVE_COMPILATION_CONDITIONS = DEBUG;
				SWIFT_OPTIMIZATION_LEVEL = "-Onone";
			};
			name = Debug;
		};
		3A7CDBD5292FB5E200E6A048 /* Release */ = {
			isa = XCBuildConfiguration;
			buildSettings = {
				ALWAYS_SEARCH_USER_PATHS = NO;
				CLANG_ANALYZER_NONNULL = YES;
				CLANG_ANALYZER_NUMBER_OBJECT_CONVERSION = YES_AGGRESSIVE;
				CLANG_CXX_LANGUAGE_STANDARD = "gnu++20";
				CLANG_ENABLE_MODULES = YES;
				CLANG_ENABLE_OBJC_ARC = YES;
				CLANG_ENABLE_OBJC_WEAK = YES;
				CLANG_WARN_BLOCK_CAPTURE_AUTORELEASING = YES;
				CLANG_WARN_BOOL_CONVERSION = YES;
				CLANG_WARN_COMMA = YES;
				CLANG_WARN_CONSTANT_CONVERSION = YES;
				CLANG_WARN_DEPRECATED_OBJC_IMPLEMENTATIONS = YES;
				CLANG_WARN_DIRECT_OBJC_ISA_USAGE = YES_ERROR;
				CLANG_WARN_DOCUMENTATION_COMMENTS = YES;
				CLANG_WARN_EMPTY_BODY = YES;
				CLANG_WARN_ENUM_CONVERSION = YES;
				CLANG_WARN_INFINITE_RECURSION = YES;
				CLANG_WARN_INT_CONVERSION = YES;
				CLANG_WARN_NON_LITERAL_NULL_CONVERSION = YES;
				CLANG_WARN_OBJC_IMPLICIT_RETAIN_SELF = YES;
				CLANG_WARN_OBJC_LITERAL_CONVERSION = YES;
				CLANG_WARN_OBJC_ROOT_CLASS = YES_ERROR;
				CLANG_WARN_QUOTED_INCLUDE_IN_FRAMEWORK_HEADER = YES;
				CLANG_WARN_RANGE_LOOP_ANALYSIS = YES;
				CLANG_WARN_STRICT_PROTOTYPES = YES;
				CLANG_WARN_SUSPICIOUS_MOVE = YES;
				CLANG_WARN_UNGUARDED_AVAILABILITY = YES_AGGRESSIVE;
				CLANG_WARN_UNREACHABLE_CODE = YES;
				CLANG_WARN__DUPLICATE_METHOD_MATCH = YES;
				COPY_PHASE_STRIP = NO;
				DEBUG_INFORMATION_FORMAT = "dwarf-with-dsym";
				ENABLE_NS_ASSERTIONS = NO;
				ENABLE_STRICT_OBJC_MSGSEND = YES;
				GCC_C_LANGUAGE_STANDARD = gnu11;
				GCC_NO_COMMON_BLOCKS = YES;
				GCC_WARN_64_TO_32_BIT_CONVERSION = YES;
				GCC_WARN_ABOUT_RETURN_TYPE = YES_ERROR;
				GCC_WARN_UNDECLARED_SELECTOR = YES;
				GCC_WARN_UNINITIALIZED_AUTOS = YES_AGGRESSIVE;
				GCC_WARN_UNUSED_FUNCTION = YES;
				GCC_WARN_UNUSED_VARIABLE = YES;
				IPHONEOS_DEPLOYMENT_TARGET = 16.1;
				MTL_ENABLE_DEBUG_INFO = NO;
				MTL_FAST_MATH = YES;
				SDKROOT = iphoneos;
				SWIFT_COMPILATION_MODE = wholemodule;
				SWIFT_OPTIMIZATION_LEVEL = "-O";
				VALIDATE_PRODUCT = YES;
			};
			name = Release;
		};
		3A7CDBD7292FB5E200E6A048 /* Debug */ = {
			isa = XCBuildConfiguration;
			buildSettings = {
				ASSETCATALOG_COMPILER_APPICON_NAME = AppIcon;
				ASSETCATALOG_COMPILER_GLOBAL_ACCENT_COLOR_NAME = AccentColor;
				CODE_SIGN_STYLE = Automatic;
				CURRENT_PROJECT_VERSION = 1;
				DEVELOPMENT_TEAM = S5766AV554;
				GENERATE_INFOPLIST_FILE = YES;
				INFOPLIST_FILE = NetflixClone/Info.plist;
				INFOPLIST_KEY_UIApplicationSupportsIndirectInputEvents = YES;
				INFOPLIST_KEY_UILaunchStoryboardName = LaunchScreen;
				INFOPLIST_KEY_UISupportedInterfaceOrientations_iPad = "UIInterfaceOrientationPortrait UIInterfaceOrientationPortraitUpsideDown UIInterfaceOrientationLandscapeLeft UIInterfaceOrientationLandscapeRight";
				INFOPLIST_KEY_UISupportedInterfaceOrientations_iPhone = "UIInterfaceOrientationPortrait UIInterfaceOrientationLandscapeLeft UIInterfaceOrientationLandscapeRight";
				LD_RUNPATH_SEARCH_PATHS = (
					"$(inherited)",
					"@executable_path/Frameworks",
				);
				MARKETING_VERSION = 1.0;
				PRODUCT_BUNDLE_IDENTIFIER = com.notbad.NetflixClone;
				PRODUCT_NAME = "$(TARGET_NAME)";
				SWIFT_EMIT_LOC_STRINGS = YES;
				SWIFT_VERSION = 5.0;
				TARGETED_DEVICE_FAMILY = "1,2";
			};
			name = Debug;
		};
		3A7CDBD8292FB5E200E6A048 /* Release */ = {
			isa = XCBuildConfiguration;
			buildSettings = {
				ASSETCATALOG_COMPILER_APPICON_NAME = AppIcon;
				ASSETCATALOG_COMPILER_GLOBAL_ACCENT_COLOR_NAME = AccentColor;
				CODE_SIGN_STYLE = Automatic;
				CURRENT_PROJECT_VERSION = 1;
				DEVELOPMENT_TEAM = S5766AV554;
				GENERATE_INFOPLIST_FILE = YES;
				INFOPLIST_FILE = NetflixClone/Info.plist;
				INFOPLIST_KEY_UIApplicationSupportsIndirectInputEvents = YES;
				INFOPLIST_KEY_UILaunchStoryboardName = LaunchScreen;
				INFOPLIST_KEY_UISupportedInterfaceOrientations_iPad = "UIInterfaceOrientationPortrait UIInterfaceOrientationPortraitUpsideDown UIInterfaceOrientationLandscapeLeft UIInterfaceOrientationLandscapeRight";
				INFOPLIST_KEY_UISupportedInterfaceOrientations_iPhone = "UIInterfaceOrientationPortrait UIInterfaceOrientationLandscapeLeft UIInterfaceOrientationLandscapeRight";
				LD_RUNPATH_SEARCH_PATHS = (
					"$(inherited)",
					"@executable_path/Frameworks",
				);
				MARKETING_VERSION = 1.0;
				PRODUCT_BUNDLE_IDENTIFIER = com.notbad.NetflixClone;
				PRODUCT_NAME = "$(TARGET_NAME)";
				SWIFT_EMIT_LOC_STRINGS = YES;
				SWIFT_VERSION = 5.0;
				TARGETED_DEVICE_FAMILY = "1,2";
			};
			name = Release;
		};
/* End XCBuildConfiguration section */

/* Begin XCConfigurationList section */
		3A7CDBBD292FB5E100E6A048 /* Build configuration list for PBXProject "NetflixClone" */ = {
			isa = XCConfigurationList;
			buildConfigurations = (
				3A7CDBD4292FB5E200E6A048 /* Debug */,
				3A7CDBD5292FB5E200E6A048 /* Release */,
			);
			defaultConfigurationIsVisible = 0;
			defaultConfigurationName = Release;
		};
		3A7CDBD6292FB5E200E6A048 /* Build configuration list for PBXNativeTarget "NetflixClone" */ = {
			isa = XCConfigurationList;
			buildConfigurations = (
				3A7CDBD7292FB5E200E6A048 /* Debug */,
				3A7CDBD8292FB5E200E6A048 /* Release */,
			);
			defaultConfigurationIsVisible = 0;
			defaultConfigurationName = Release;
		};
/* End XCConfigurationList section */

/* Begin XCRemoteSwiftPackageReference section */
		3AB3AAC6293124F00004C554 /* XCRemoteSwiftPackageReference "SDWebImage" */ = {
			isa = XCRemoteSwiftPackageReference;
			repositoryURL = "https://github.com/SDWebImage/SDWebImage.git";
			requirement = {
				kind = upToNextMajorVersion;
				minimumVersion = 5.0.0;
			};
		};
/* End XCRemoteSwiftPackageReference section */

/* Begin XCSwiftPackageProductDependency section */
		3AB3AAC7293124F00004C554 /* SDWebImage */ = {
			isa = XCSwiftPackageProductDependency;
			package = 3AB3AAC6293124F00004C554 /* XCRemoteSwiftPackageReference "SDWebImage" */;
			productName = SDWebImage;
		};
		3AB3AAC9293124F00004C554 /* SDWebImageMapKit */ = {
			isa = XCSwiftPackageProductDependency;
			package = 3AB3AAC6293124F00004C554 /* XCRemoteSwiftPackageReference "SDWebImage" */;
			productName = SDWebImageMapKit;
		};
/* End XCSwiftPackageProductDependency section */

/* Begin XCVersionGroup section */
		3AB3AAFC29315D810004C554 /* NetflixCloneModel.xcdatamodeld */ = {
			isa = XCVersionGroup;
			children = (
				3AB3AAFD29315D810004C554 /* NetflixCloneModel.xcdatamodel */,
			);
			currentVersion = 3AB3AAFD29315D810004C554 /* NetflixCloneModel.xcdatamodel */;
			path = NetflixCloneModel.xcdatamodeld;
			sourceTree = "<group>";
			versionGroupType = wrapper.xcdatamodel;
		};
/* End XCVersionGroup section */
	};
	rootObject = 3A7CDBBA292FB5E100E6A048 /* Project object */;
}
